
Microsoft Visual Studio Solution File, Format Version 11.00
# Visual C# Express 2010
Project("{FAE04EC0-301F-11D3-BF4B-00C04F79EFBC}") = "LiquidPlanner", "LiquidPlanner\LiquidPlanner.csproj", "{C83EA273-7F8C-40F1-BBF8-8B90A496A3BE}"
EndProject
Global
	GlobalSection(SolutionConfigurationPlatforms) = preSolution
		Debug|x86 = Debug|x86
		Release|x86 = Release|x86
	EndGlobalSection
	GlobalSection(ProjectConfigurationPlatforms) = postSolution
		{C83EA273-7F8C-40F1-BBF8-8B90A496A3BE}.Debug|x86.ActiveCfg = Debug|x86
		{C83EA273-7F8C-40F1-BBF8-8B90A496A3BE}.Debug|x86.Build.0 = Debug|x86
		{C83EA273-7F8C-40F1-BBF8-8B90A496A3BE}.Release|x86.ActiveCfg = Release|x86
		{C83EA273-7F8C-40F1-BBF8-8B90A496A3BE}.Release|x86.Build.0 = Release|x86
	EndGlobalSection
	GlobalSection(SolutionProperties) = preSolution
		HideSolutionNode = FALSE
	EndGlobalSection
EndGlobal
